{
  "nodes": {
    "home-manager": {
      "inputs": {
        "nixpkgs": [
          "nixpkgs"
        ]
      },
      "locked": {
        "lastModified": 1756261190,
        "narHash": "sha256-eiy0klFK5EVJLNilutR7grsZN/7Itj9DyD75eyOf83k=",
        "owner": "nix-community",
        "repo": "home-manager",
        "rev": "77f348da3176dc68b20a73dab94852a417daf361",
        "type": "github"
      },
      "original": {
        "owner": "nix-community",
        "ref": "master",
        "repo": "home-manager",
        "type": "github"
      }
    },
    "hyprscratch": {
      "inputs": {
        "nixpkgs": [
          "nixpkgs"
        ]
      },
      "locked": {
        "lastModified": 1758827221,
        "narHash": "sha256-cKKE1DbNmpYQzCjf0LVYMwBC9jrk490U59gL5sORdGg=",
        "owner": "sashetophizika",
        "repo": "hyprscratch",
        "rev": "bab0e86ca37c50253af336c3aba34c301ac96874",
        "type": "github"
      },
      "original": {
        "owner": "sashetophizika",
        "repo": "hyprscratch",
        "type": "github"
      }
    },
    "nixpkgs": {
      "locked": {
        "lastModified": 1756266583,
        "narHash": "sha256-cr748nSmpfvnhqSXPiCfUPxRz2FJnvf/RjJGvFfaCsM=",
        "owner": "NixOS",
        "repo": "nixpkgs",
        "rev": "8a6d5427d99ec71c64f0b93d45778c889005d9c2",
        "type": "github"
      },
      "original": {
        "owner": "NixOS",
        "ref": "nixos-unstable",
        "repo": "nixpkgs",
        "type": "github"
      }
    },
    "root": {
      "inputs": {
        "home-manager": "home-manager",
        "hyprscratch": "hyprscratch",
        "nixpkgs": "nixpkgs"
      }
    }
  },
  "root": "root",
  "version": 7
}
